// !$*UTF8*$!
{
	archiveVersion = 1;
	classes = {
	};
	objectVersion = 46;
	objects = {

/* Begin PBXBuildFile section */
		666AAFA24EA867509310BA84 /* Pods_RxSwiftLeapTalk.framework in Frameworks */ = {isa = PBXBuildFile; fileRef = 6BC1942291D76CDB42FDA485 /* Pods_RxSwiftLeapTalk.framework */; };
		BB244E861E4C59A100F44402 /* CreateObservableTVC.swift in Sources */ = {isa = PBXBuildFile; fileRef = BB244E851E4C59A100F44402 /* CreateObservableTVC.swift */; };
		BB244E881E4C5B7700F44402 /* SPModelTVC.swift in Sources */ = {isa = PBXBuildFile; fileRef = BB244E871E4C5B7700F44402 /* SPModelTVC.swift */; };
		BB267CAF1E48CEB200866E9E /* LegacyRxSelectionTVC.swift in Sources */ = {isa = PBXBuildFile; fileRef = BB267CAE1E48CEB200866E9E /* LegacyRxSelectionTVC.swift */; };
		BB267CB11E48CEE000866E9E /* LegacyRxSelectionSection.swift in Sources */ = {isa = PBXBuildFile; fileRef = BB267CB01E48CEE000866E9E /* LegacyRxSelectionSection.swift */; };
		BB267CB61E48D65000866E9E /* ComputedVariableRxTVC.swift in Sources */ = {isa = PBXBuildFile; fileRef = BB267CB51E48D65000866E9E /* ComputedVariableRxTVC.swift */; };
		BB76F0121E48A52D00F779D0 /* AppDelegate.swift in Sources */ = {isa = PBXBuildFile; fileRef = BB76F0111E48A52D00F779D0 /* AppDelegate.swift */; };
		BB76F0191E48A52D00F779D0 /* Assets.xcassets in Resources */ = {isa = PBXBuildFile; fileRef = BB76F0181E48A52D00F779D0 /* Assets.xcassets */; };
		BB76F01C1E48A52D00F779D0 /* LaunchScreen.storyboard in Resources */ = {isa = PBXBuildFile; fileRef = BB76F01A1E48A52D00F779D0 /* LaunchScreen.storyboard */; };
		BB76F0251E48A56400F779D0 /* DashboardTVC.swift in Sources */ = {isa = PBXBuildFile; fileRef = BB76F0241E48A56400F779D0 /* DashboardTVC.swift */; };
		BB76F0271E48A57400F779D0 /* Dashboard.storyboard in Resources */ = {isa = PBXBuildFile; fileRef = BB76F0261E48A57400F779D0 /* Dashboard.storyboard */; };
		BB76F02D1E48A76000F779D0 /* DashboardSection.swift in Sources */ = {isa = PBXBuildFile; fileRef = BB76F02C1E48A76000F779D0 /* DashboardSection.swift */; };
		BB76F0301E48A97F00F779D0 /* UIViewController+Extension.swift in Sources */ = {isa = PBXBuildFile; fileRef = BB76F02F1E48A97F00F779D0 /* UIViewController+Extension.swift */; };
		BB76F0351E48AC5D00F779D0 /* MainNavigationController.swift in Sources */ = {isa = PBXBuildFile; fileRef = BB76F0341E48AC5D00F779D0 /* MainNavigationController.swift */; };
		BB76F0391E48ADDE00F779D0 /* AppStoryboard.swift in Sources */ = {isa = PBXBuildFile; fileRef = BB76F0381E48ADDE00F779D0 /* AppStoryboard.swift */; };
		BB76F03D1E48B11900F779D0 /* NSObject+Extension.swift in Sources */ = {isa = PBXBuildFile; fileRef = BB76F03C1E48B11900F779D0 /* NSObject+Extension.swift */; };
		BB76F0421E48B95F00F779D0 /* TableViewSection.swift in Sources */ = {isa = PBXBuildFile; fileRef = BB76F0411E48B95F00F779D0 /* TableViewSection.swift */; };
		BB76F0441E48BB0A00F779D0 /* BasicTableViewController.swift in Sources */ = {isa = PBXBuildFile; fileRef = BB76F0431E48BB0A00F779D0 /* BasicTableViewController.swift */; };
		BB76F04A1E48BD1D00F779D0 /* BasicCell.swift in Sources */ = {isa = PBXBuildFile; fileRef = BB76F0491E48BD1D00F779D0 /* BasicCell.swift */; };
		BB76F04D1E48BD5700F779D0 /* BasicCell.xib in Resources */ = {isa = PBXBuildFile; fileRef = BB76F04C1E48BD5700F779D0 /* BasicCell.xib */; };
		BB88AA271E4D9B290016A9B1 /* UserInactive.storyboard in Resources */ = {isa = PBXBuildFile; fileRef = BB88AA261E4D9B290016A9B1 /* UserInactive.storyboard */; };
		BB88AA291E4D9B380016A9B1 /* UserInactiveVC.swift in Sources */ = {isa = PBXBuildFile; fileRef = BB88AA281E4D9B380016A9B1 /* UserInactiveVC.swift */; };
		BB898DE81E4A09A4002F77F3 /* ComputedVariableLegacy.swift in Sources */ = {isa = PBXBuildFile; fileRef = BB898DE71E4A09A4002F77F3 /* ComputedVariableLegacy.swift */; };
		BB898DEF1E4A19BE002F77F3 /* FormValidation.storyboard in Resources */ = {isa = PBXBuildFile; fileRef = BB898DEE1E4A19BE002F77F3 /* FormValidation.storyboard */; };
		BB898DF11E4A1C7A002F77F3 /* LegacyFormValidationVC.swift in Sources */ = {isa = PBXBuildFile; fileRef = BB898DF01E4A1C7A002F77F3 /* LegacyFormValidationVC.swift */; };
		BB898DF31E4A298A002F77F3 /* RxFormValidationVC.swift in Sources */ = {isa = PBXBuildFile; fileRef = BB898DF21E4A298A002F77F3 /* RxFormValidationVC.swift */; };
		BB9C586E1E4C87A4009D22C4 /* TransformObservableVC.swift in Sources */ = {isa = PBXBuildFile; fileRef = BB9C586D1E4C87A4009D22C4 /* TransformObservableVC.swift */; };
		BB9C58711E4CA7D0009D22C4 /* FilterObservableVC.swift in Sources */ = {isa = PBXBuildFile; fileRef = BB9C58701E4CA7D0009D22C4 /* FilterObservableVC.swift */; };
		BB9C58741E4CC1CF009D22C4 /* CombineObservableVC.swift in Sources */ = {isa = PBXBuildFile; fileRef = BB9C58731E4CC1CF009D22C4 /* CombineObservableVC.swift */; };
		BB9C58771E4CD080009D22C4 /* ErrorHandlingObservableVC.swift in Sources */ = {isa = PBXBuildFile; fileRef = BB9C58761E4CD080009D22C4 /* ErrorHandlingObservableVC.swift */; };
		BB9C587A1E4CD89B009D22C4 /* ConditionalAndBooleanVC.swift in Sources */ = {isa = PBXBuildFile; fileRef = BB9C58791E4CD89B009D22C4 /* ConditionalAndBooleanVC.swift */; };
		BB9C587D1E4CE4F0009D22C4 /* MathObservableVC.swift in Sources */ = {isa = PBXBuildFile; fileRef = BB9C587C1E4CE4F0009D22C4 /* MathObservableVC.swift */; };
		BB9C58801E4CE934009D22C4 /* ButtonTappedVC.swift in Sources */ = {isa = PBXBuildFile; fileRef = BB9C587F1E4CE934009D22C4 /* ButtonTappedVC.swift */; };
		BB9C58821E4CE987009D22C4 /* ButtonTapped.storyboard in Resources */ = {isa = PBXBuildFile; fileRef = BB9C58811E4CE987009D22C4 /* ButtonTapped.storyboard */; };
		BBA9941C1E4C0E8E00BD1A78 /* TicTacToeVC.swift in Sources */ = {isa = PBXBuildFile; fileRef = BBA9941B1E4C0E8E00BD1A78 /* TicTacToeVC.swift */; };
		BBA9941E1E4C0EE400BD1A78 /* TicTacToe.storyboard in Resources */ = {isa = PBXBuildFile; fileRef = BBA9941D1E4C0EE400BD1A78 /* TicTacToe.storyboard */; };
		BBF0CFF51E48C50400ED698E /* UITableView+Extension.swift in Sources */ = {isa = PBXBuildFile; fileRef = BBF0CFF41E48C50400ED698E /* UITableView+Extension.swift */; };
/* End PBXBuildFile section */

/* Begin PBXFileReference section */
		4A16EFAC793ECEF447347946 /* Pods-RxSwiftLeapTalk.release.xcconfig */ = {isa = PBXFileReference; includeInIndex = 1; lastKnownFileType = text.xcconfig; name = "Pods-RxSwiftLeapTalk.release.xcconfig"; path = "Pods/Target Support Files/Pods-RxSwiftLeapTalk/Pods-RxSwiftLeapTalk.release.xcconfig"; sourceTree = "<group>"; };
		6BC1942291D76CDB42FDA485 /* Pods_RxSwiftLeapTalk.framework */ = {isa = PBXFileReference; explicitFileType = wrapper.framework; includeInIndex = 0; path = Pods_RxSwiftLeapTalk.framework; sourceTree = BUILT_PRODUCTS_DIR; };
		7092AA4416E8E7411394C291 /* Pods-RxSwiftLeapTalk.debug.xcconfig */ = {isa = PBXFileReference; includeInIndex = 1; lastKnownFileType = text.xcconfig; name = "Pods-RxSwiftLeapTalk.debug.xcconfig"; path = "Pods/Target Support Files/Pods-RxSwiftLeapTalk/Pods-RxSwiftLeapTalk.debug.xcconfig"; sourceTree = "<group>"; };
		BB244E851E4C59A100F44402 /* CreateObservableTVC.swift */ = {isa = PBXFileReference; fileEncoding = 4; lastKnownFileType = sourcecode.swift; path = CreateObservableTVC.swift; sourceTree = "<group>"; };
		BB244E871E4C5B7700F44402 /* SPModelTVC.swift */ = {isa = PBXFileReference; fileEncoding = 4; lastKnownFileType = sourcecode.swift; path = SPModelTVC.swift; sourceTree = "<group>"; };
		BB267CAE1E48CEB200866E9E /* LegacyRxSelectionTVC.swift */ = {isa = PBXFileReference; fileEncoding = 4; lastKnownFileType = sourcecode.swift; path = LegacyRxSelectionTVC.swift; sourceTree = "<group>"; };
		BB267CB01E48CEE000866E9E /* LegacyRxSelectionSection.swift */ = {isa = PBXFileReference; fileEncoding = 4; lastKnownFileType = sourcecode.swift; path = LegacyRxSelectionSection.swift; sourceTree = "<group>"; };
		BB267CB51E48D65000866E9E /* ComputedVariableRxTVC.swift */ = {isa = PBXFileReference; fileEncoding = 4; lastKnownFileType = sourcecode.swift; path = ComputedVariableRxTVC.swift; sourceTree = "<group>"; };
		BB76F00E1E48A52D00F779D0 /* RxSwiftLeapTalk.app */ = {isa = PBXFileReference; explicitFileType = wrapper.application; includeInIndex = 0; path = RxSwiftLeapTalk.app; sourceTree = BUILT_PRODUCTS_DIR; };
		BB76F0111E48A52D00F779D0 /* AppDelegate.swift */ = {isa = PBXFileReference; lastKnownFileType = sourcecode.swift; path = AppDelegate.swift; sourceTree = "<group>"; };
		BB76F0181E48A52D00F779D0 /* Assets.xcassets */ = {isa = PBXFileReference; lastKnownFileType = folder.assetcatalog; path = Assets.xcassets; sourceTree = "<group>"; };
		BB76F01B1E48A52D00F779D0 /* Base */ = {isa = PBXFileReference; lastKnownFileType = file.storyboard; name = Base; path = Base.lproj/LaunchScreen.storyboard; sourceTree = "<group>"; };
		BB76F01D1E48A52D00F779D0 /* Info.plist */ = {isa = PBXFileReference; lastKnownFileType = text.plist.xml; path = Info.plist; sourceTree = "<group>"; };
		BB76F0241E48A56400F779D0 /* DashboardTVC.swift */ = {isa = PBXFileReference; fileEncoding = 4; lastKnownFileType = sourcecode.swift; path = DashboardTVC.swift; sourceTree = "<group>"; };
		BB76F0261E48A57400F779D0 /* Dashboard.storyboard */ = {isa = PBXFileReference; fileEncoding = 4; lastKnownFileType = file.storyboard; path = Dashboard.storyboard; sourceTree = "<group>"; };
		BB76F02C1E48A76000F779D0 /* DashboardSection.swift */ = {isa = PBXFileReference; fileEncoding = 4; lastKnownFileType = sourcecode.swift; path = DashboardSection.swift; sourceTree = "<group>"; };
		BB76F02F1E48A97F00F779D0 /* UIViewController+Extension.swift */ = {isa = PBXFileReference; fileEncoding = 4; lastKnownFileType = sourcecode.swift; path = "UIViewController+Extension.swift"; sourceTree = "<group>"; };
		BB76F0341E48AC5D00F779D0 /* MainNavigationController.swift */ = {isa = PBXFileReference; fileEncoding = 4; lastKnownFileType = sourcecode.swift; path = MainNavigationController.swift; sourceTree = "<group>"; };
		BB76F0381E48ADDE00F779D0 /* AppStoryboard.swift */ = {isa = PBXFileReference; fileEncoding = 4; lastKnownFileType = sourcecode.swift; path = AppStoryboard.swift; sourceTree = "<group>"; };
		BB76F03C1E48B11900F779D0 /* NSObject+Extension.swift */ = {isa = PBXFileReference; fileEncoding = 4; lastKnownFileType = sourcecode.swift; path = "NSObject+Extension.swift"; sourceTree = "<group>"; };
		BB76F0411E48B95F00F779D0 /* TableViewSection.swift */ = {isa = PBXFileReference; fileEncoding = 4; lastKnownFileType = sourcecode.swift; path = TableViewSection.swift; sourceTree = "<group>"; };
		BB76F0431E48BB0A00F779D0 /* BasicTableViewController.swift */ = {isa = PBXFileReference; fileEncoding = 4; lastKnownFileType = sourcecode.swift; path = BasicTableViewController.swift; sourceTree = "<group>"; };
		BB76F0491E48BD1D00F779D0 /* BasicCell.swift */ = {isa = PBXFileReference; fileEncoding = 4; lastKnownFileType = sourcecode.swift; path = BasicCell.swift; sourceTree = "<group>"; };
		BB76F04C1E48BD5700F779D0 /* BasicCell.xib */ = {isa = PBXFileReference; fileEncoding = 4; lastKnownFileType = file.xib; path = BasicCell.xib; sourceTree = "<group>"; };
		BB88AA261E4D9B290016A9B1 /* UserInactive.storyboard */ = {isa = PBXFileReference; fileEncoding = 4; lastKnownFileType = file.storyboard; path = UserInactive.storyboard; sourceTree = "<group>"; };
		BB88AA281E4D9B380016A9B1 /* UserInactiveVC.swift */ = {isa = PBXFileReference; fileEncoding = 4; lastKnownFileType = sourcecode.swift; path = UserInactiveVC.swift; sourceTree = "<group>"; };
		BB898DE71E4A09A4002F77F3 /* ComputedVariableLegacy.swift */ = {isa = PBXFileReference; fileEncoding = 4; lastKnownFileType = sourcecode.swift; path = ComputedVariableLegacy.swift; sourceTree = "<group>"; };
		BB898DEE1E4A19BE002F77F3 /* FormValidation.storyboard */ = {isa = PBXFileReference; fileEncoding = 4; lastKnownFileType = file.storyboard; path = FormValidation.storyboard; sourceTree = "<group>"; };
		BB898DF01E4A1C7A002F77F3 /* LegacyFormValidationVC.swift */ = {isa = PBXFileReference; fileEncoding = 4; lastKnownFileType = sourcecode.swift; path = LegacyFormValidationVC.swift; sourceTree = "<group>"; };
		BB898DF21E4A298A002F77F3 /* RxFormValidationVC.swift */ = {isa = PBXFileReference; fileEncoding = 4; lastKnownFileType = sourcecode.swift; path = RxFormValidationVC.swift; sourceTree = "<group>"; };
		BB9C586D1E4C87A4009D22C4 /* TransformObservableVC.swift */ = {isa = PBXFileReference; fileEncoding = 4; lastKnownFileType = sourcecode.swift; path = TransformObservableVC.swift; sourceTree = "<group>"; };
		BB9C58701E4CA7D0009D22C4 /* FilterObservableVC.swift */ = {isa = PBXFileReference; fileEncoding = 4; lastKnownFileType = sourcecode.swift; path = FilterObservableVC.swift; sourceTree = "<group>"; };
		BB9C58731E4CC1CF009D22C4 /* CombineObservableVC.swift */ = {isa = PBXFileReference; fileEncoding = 4; lastKnownFileType = sourcecode.swift; path = CombineObservableVC.swift; sourceTree = "<group>"; };
		BB9C58761E4CD080009D22C4 /* ErrorHandlingObservableVC.swift */ = {isa = PBXFileReference; fileEncoding = 4; lastKnownFileType = sourcecode.swift; path = ErrorHandlingObservableVC.swift; sourceTree = "<group>"; };
		BB9C58791E4CD89B009D22C4 /* ConditionalAndBooleanVC.swift */ = {isa = PBXFileReference; fileEncoding = 4; lastKnownFileType = sourcecode.swift; path = ConditionalAndBooleanVC.swift; sourceTree = "<group>"; };
		BB9C587C1E4CE4F0009D22C4 /* MathObservableVC.swift */ = {isa = PBXFileReference; fileEncoding = 4; lastKnownFileType = sourcecode.swift; path = MathObservableVC.swift; sourceTree = "<group>"; };
		BB9C587F1E4CE934009D22C4 /* ButtonTappedVC.swift */ = {isa = PBXFileReference; fileEncoding = 4; lastKnownFileType = sourcecode.swift; path = ButtonTappedVC.swift; sourceTree = "<group>"; };
		BB9C58811E4CE987009D22C4 /* ButtonTapped.storyboard */ = {isa = PBXFileReference; fileEncoding = 4; lastKnownFileType = file.storyboard; path = ButtonTapped.storyboard; sourceTree = "<group>"; };
		BBA9941B1E4C0E8E00BD1A78 /* TicTacToeVC.swift */ = {isa = PBXFileReference; fileEncoding = 4; lastKnownFileType = sourcecode.swift; path = TicTacToeVC.swift; sourceTree = "<group>"; };
		BBA9941D1E4C0EE400BD1A78 /* TicTacToe.storyboard */ = {isa = PBXFileReference; fileEncoding = 4; lastKnownFileType = file.storyboard; path = TicTacToe.storyboard; sourceTree = "<group>"; };
		BBF0CFF41E48C50400ED698E /* UITableView+Extension.swift */ = {isa = PBXFileReference; fileEncoding = 4; lastKnownFileType = sourcecode.swift; path = "UITableView+Extension.swift"; sourceTree = "<group>"; };
/* End PBXFileReference section */

/* Begin PBXFrameworksBuildPhase section */
		BB76F00B1E48A52D00F779D0 /* Frameworks */ = {
			isa = PBXFrameworksBuildPhase;
			buildActionMask = 2147483647;
			files = (
				666AAFA24EA867509310BA84 /* Pods_RxSwiftLeapTalk.framework in Frameworks */,
			);
			runOnlyForDeploymentPostprocessing = 0;
		};
/* End PBXFrameworksBuildPhase section */

/* Begin PBXGroup section */
		3A27F236D194ACD69121C614 /* Pods */ = {
			isa = PBXGroup;
			children = (
				7092AA4416E8E7411394C291 /* Pods-RxSwiftLeapTalk.debug.xcconfig */,
				4A16EFAC793ECEF447347946 /* Pods-RxSwiftLeapTalk.release.xcconfig */,
			);
			name = Pods;
			sourceTree = "<group>";
		};
		9ED3DDB1BDC6C5FF66EECAC7 /* Frameworks */ = {
			isa = PBXGroup;
			children = (
				6BC1942291D76CDB42FDA485 /* Pods_RxSwiftLeapTalk.framework */,
			);
			name = Frameworks;
			sourceTree = "<group>";
		};
		BB244E841E4C585800F44402 /* Create */ = {
			isa = PBXGroup;
			children = (
				BB244E851E4C59A100F44402 /* CreateObservableTVC.swift */,
			);
			name = Create;
			sourceTree = "<group>";
		};
		BB267CAD1E48CE9F00866E9E /* LegacyRxSelection */ = {
			isa = PBXGroup;
			children = (
				BB267CAE1E48CEB200866E9E /* LegacyRxSelectionTVC.swift */,
				BB267CB01E48CEE000866E9E /* LegacyRxSelectionSection.swift */,
			);
			name = LegacyRxSelection;
			sourceTree = "<group>";
		};
		BB267CB21E48D59300866E9E /* ComputedVariable */ = {
			isa = PBXGroup;
			children = (
				BB267CB41E48D63A00866E9E /* Rx */,
				BB267CB31E48D62A00866E9E /* Legacy */,
			);
			name = ComputedVariable;
			sourceTree = "<group>";
		};
		BB267CB31E48D62A00866E9E /* Legacy */ = {
			isa = PBXGroup;
			children = (
				BB898DE71E4A09A4002F77F3 /* ComputedVariableLegacy.swift */,
			);
			name = Legacy;
			sourceTree = "<group>";
		};
		BB267CB41E48D63A00866E9E /* Rx */ = {
			isa = PBXGroup;
			children = (
				BB267CB51E48D65000866E9E /* ComputedVariableRxTVC.swift */,
			);
			name = Rx;
			sourceTree = "<group>";
		};
		BB76F0051E48A52D00F779D0 = {
			isa = PBXGroup;
			children = (
				BB76F0101E48A52D00F779D0 /* RxSwiftLeapTalk */,
				BB76F00F1E48A52D00F779D0 /* Products */,
				3A27F236D194ACD69121C614 /* Pods */,
				9ED3DDB1BDC6C5FF66EECAC7 /* Frameworks */,
			);
			sourceTree = "<group>";
		};
		BB76F00F1E48A52D00F779D0 /* Products */ = {
			isa = PBXGroup;
			children = (
				BB76F00E1E48A52D00F779D0 /* RxSwiftLeapTalk.app */,
			);
			name = Products;
			sourceTree = "<group>";
		};
		BB76F0101E48A52D00F779D0 /* RxSwiftLeapTalk */ = {
			isa = PBXGroup;
			children = (
				BB88AA251E4D9AF00016A9B1 /* UserInactive */,
				BB9C587E1E4CE91B009D22C4 /* ButtonTapped */,
				BB9C587B1E4CE4DA009D22C4 /* MathematicalOperators */,
				BB9C58781E4CD87E009D22C4 /* ConditionalAndBoolean */,
				BB9C58751E4CD06B009D22C4 /* ErrorHandling */,
				BB9C58721E4CC1B2009D22C4 /* CombiningObservables */,
				BB9C586F1E4CA710009D22C4 /* Filter */,
				BB9C586C1E4C878A009D22C4 /* Transform */,
				BB244E841E4C585800F44402 /* Create */,
				BBA9941A1E4C0E7100BD1A78 /* TicTacToe */,
				BB898DE91E4A1975002F77F3 /* FormValidation */,
				BB76F0471E48BCF800F779D0 /* Views */,
				BB76F0331E48AC3700F779D0 /* MainNavigationController */,
				BB76F02E1E48A96900F779D0 /* Extensions */,
				BB76F0281E48A6A300F779D0 /* Common */,
				BB76F0231E48A54400F779D0 /* Dashboard */,
				BB267CAD1E48CE9F00866E9E /* LegacyRxSelection */,
				BB267CB21E48D59300866E9E /* ComputedVariable */,
				BB76F0111E48A52D00F779D0 /* AppDelegate.swift */,
				BB76F01A1E48A52D00F779D0 /* LaunchScreen.storyboard */,
				BB76F0181E48A52D00F779D0 /* Assets.xcassets */,
				BB76F01D1E48A52D00F779D0 /* Info.plist */,
			);
			path = RxSwiftLeapTalk;
			sourceTree = "<group>";
		};
		BB76F0231E48A54400F779D0 /* Dashboard */ = {
			isa = PBXGroup;
			children = (
				BB76F02C1E48A76000F779D0 /* DashboardSection.swift */,
				BB76F0241E48A56400F779D0 /* DashboardTVC.swift */,
				BB76F0261E48A57400F779D0 /* Dashboard.storyboard */,
			);
			name = Dashboard;
			sourceTree = "<group>";
		};
		BB76F0281E48A6A300F779D0 /* Common */ = {
			isa = PBXGroup;
			children = (
				BB76F0451E48BCAC00F779D0 /* TableView */,
				BB76F0381E48ADDE00F779D0 /* AppStoryboard.swift */,
			);
			name = Common;
			sourceTree = "<group>";
		};
		BB76F02E1E48A96900F779D0 /* Extensions */ = {
			isa = PBXGroup;
			children = (
				BB76F02F1E48A97F00F779D0 /* UIViewController+Extension.swift */,
				BB76F03C1E48B11900F779D0 /* NSObject+Extension.swift */,
				BBF0CFF41E48C50400ED698E /* UITableView+Extension.swift */,
			);
			name = Extensions;
			sourceTree = "<group>";
		};
		BB76F0331E48AC3700F779D0 /* MainNavigationController */ = {
			isa = PBXGroup;
			children = (
				BB76F0341E48AC5D00F779D0 /* MainNavigationController.swift */,
			);
			name = MainNavigationController;
			sourceTree = "<group>";
		};
		BB76F0451E48BCAC00F779D0 /* TableView */ = {
			isa = PBXGroup;
			children = (
				BB76F0411E48B95F00F779D0 /* TableViewSection.swift */,
				BB76F0431E48BB0A00F779D0 /* BasicTableViewController.swift */,
				BB244E871E4C5B7700F44402 /* SPModelTVC.swift */,
			);
			name = TableView;
			sourceTree = "<group>";
		};
		BB76F0471E48BCF800F779D0 /* Views */ = {
			isa = PBXGroup;
			children = (
				BB76F0481E48BD0200F779D0 /* Cells */,
			);
			name = Views;
			sourceTree = "<group>";
		};
		BB76F0481E48BD0200F779D0 /* Cells */ = {
			isa = PBXGroup;
			children = (
				BB76F04B1E48BD3B00F779D0 /* BasicCell */,
			);
			name = Cells;
			sourceTree = "<group>";
		};
		BB76F04B1E48BD3B00F779D0 /* BasicCell */ = {
			isa = PBXGroup;
			children = (
				BB76F0491E48BD1D00F779D0 /* BasicCell.swift */,
				BB76F04C1E48BD5700F779D0 /* BasicCell.xib */,
			);
			name = BasicCell;
			sourceTree = "<group>";
		};
		BB88AA251E4D9AF00016A9B1 /* UserInactive */ = {
			isa = PBXGroup;
			children = (
				BB88AA261E4D9B290016A9B1 /* UserInactive.storyboard */,
				BB88AA281E4D9B380016A9B1 /* UserInactiveVC.swift */,
			);
			name = UserInactive;
			sourceTree = "<group>";
		};
		BB898DE91E4A1975002F77F3 /* FormValidation */ = {
			isa = PBXGroup;
			children = (
				BB898DEE1E4A19BE002F77F3 /* FormValidation.storyboard */,
				BB898DEB1E4A198B002F77F3 /* Legacy */,
				BB898DEA1E4A1980002F77F3 /* Rx */,
			);
			name = FormValidation;
			sourceTree = "<group>";
		};
		BB898DEA1E4A1980002F77F3 /* Rx */ = {
			isa = PBXGroup;
			children = (
				BB898DF21E4A298A002F77F3 /* RxFormValidationVC.swift */,
			);
			name = Rx;
			sourceTree = "<group>";
		};
		BB898DEB1E4A198B002F77F3 /* Legacy */ = {
			isa = PBXGroup;
			children = (
				BB898DF01E4A1C7A002F77F3 /* LegacyFormValidationVC.swift */,
			);
			name = Legacy;
			sourceTree = "<group>";
		};
		BB9C586C1E4C878A009D22C4 /* Transform */ = {
			isa = PBXGroup;
			children = (
				BB9C586D1E4C87A4009D22C4 /* TransformObservableVC.swift */,
			);
			name = Transform;
			sourceTree = "<group>";
		};
		BB9C586F1E4CA710009D22C4 /* Filter */ = {
			isa = PBXGroup;
			children = (
				BB9C58701E4CA7D0009D22C4 /* FilterObservableVC.swift */,
			);
			name = Filter;
			sourceTree = "<group>";
		};
		BB9C58721E4CC1B2009D22C4 /* CombiningObservables */ = {
			isa = PBXGroup;
			children = (
				BB9C58731E4CC1CF009D22C4 /* CombineObservableVC.swift */,
			);
			name = CombiningObservables;
			sourceTree = "<group>";
		};
		BB9C58751E4CD06B009D22C4 /* ErrorHandling */ = {
			isa = PBXGroup;
			children = (
				BB9C58761E4CD080009D22C4 /* ErrorHandlingObservableVC.swift */,
			);
			name = ErrorHandling;
			sourceTree = "<group>";
		};
		BB9C58781E4CD87E009D22C4 /* ConditionalAndBoolean */ = {
			isa = PBXGroup;
			children = (
				BB9C58791E4CD89B009D22C4 /* ConditionalAndBooleanVC.swift */,
			);
			name = ConditionalAndBoolean;
			sourceTree = "<group>";
		};
		BB9C587B1E4CE4DA009D22C4 /* MathematicalOperators */ = {
			isa = PBXGroup;
			children = (
				BB9C587C1E4CE4F0009D22C4 /* MathObservableVC.swift */,
			);
			name = MathematicalOperators;
			sourceTree = "<group>";
		};
		BB9C587E1E4CE91B009D22C4 /* ButtonTapped */ = {
			isa = PBXGroup;
			children = (
				BB9C587F1E4CE934009D22C4 /* ButtonTappedVC.swift */,
				BB9C58811E4CE987009D22C4 /* ButtonTapped.storyboard */,
			);
			name = ButtonTapped;
			sourceTree = "<group>";
		};
		BBA9941A1E4C0E7100BD1A78 /* TicTacToe */ = {
			isa = PBXGroup;
			children = (
				BBA9941B1E4C0E8E00BD1A78 /* TicTacToeVC.swift */,
				BBA9941D1E4C0EE400BD1A78 /* TicTacToe.storyboard */,
			);
			name = TicTacToe;
			sourceTree = "<group>";
		};
/* End PBXGroup section */

/* Begin PBXNativeTarget section */
		BB76F00D1E48A52D00F779D0 /* RxSwiftLeapTalk */ = {
			isa = PBXNativeTarget;
			buildConfigurationList = BB76F0201E48A52D00F779D0 /* Build configuration list for PBXNativeTarget "RxSwiftLeapTalk" */;
			buildPhases = (
				889EAE955E6ACE9FA7B41475 /* [CP] Check Pods Manifest.lock */,
				BB76F00A1E48A52D00F779D0 /* Sources */,
				BB76F00B1E48A52D00F779D0 /* Frameworks */,
				BB76F00C1E48A52D00F779D0 /* Resources */,
				B07885321DEB731EB1C97517 /* [CP] Embed Pods Frameworks */,
				BC9E00E0E01CA929A8EE2607 /* [CP] Copy Pods Resources */,
			);
			buildRules = (
			);
			dependencies = (
			);
			name = RxSwiftLeapTalk;
			productName = RxSwiftLeapTalk;
			productReference = BB76F00E1E48A52D00F779D0 /* RxSwiftLeapTalk.app */;
			productType = "com.apple.product-type.application";
		};
/* End PBXNativeTarget section */

/* Begin PBXProject section */
		BB76F0061E48A52D00F779D0 /* Project object */ = {
			isa = PBXProject;
			attributes = {
				LastSwiftUpdateCheck = 0810;
				LastUpgradeCheck = 0810;
				ORGANIZATIONNAME = leapfrog;
				TargetAttributes = {
					BB76F00D1E48A52D00F779D0 = {
						CreatedOnToolsVersion = 8.1;
						ProvisioningStyle = Automatic;
					};
				};
			};
			buildConfigurationList = BB76F0091E48A52D00F779D0 /* Build configuration list for PBXProject "RxSwiftLeapTalk" */;
			compatibilityVersion = "Xcode 3.2";
			developmentRegion = English;
			hasScannedForEncodings = 0;
			knownRegions = (
				en,
				Base,
			);
			mainGroup = BB76F0051E48A52D00F779D0;
			productRefGroup = BB76F00F1E48A52D00F779D0 /* Products */;
			projectDirPath = "";
			projectRoot = "";
			targets = (
				BB76F00D1E48A52D00F779D0 /* RxSwiftLeapTalk */,
			);
		};
/* End PBXProject section */

/* Begin PBXResourcesBuildPhase section */
		BB76F00C1E48A52D00F779D0 /* Resources */ = {
			isa = PBXResourcesBuildPhase;
			buildActionMask = 2147483647;
			files = (
				BB88AA271E4D9B290016A9B1 /* UserInactive.storyboard in Resources */,
				BB898DEF1E4A19BE002F77F3 /* FormValidation.storyboard in Resources */,
				BB76F04D1E48BD5700F779D0 /* BasicCell.xib in Resources */,
				BB76F01C1E48A52D00F779D0 /* LaunchScreen.storyboard in Resources */,
				BB76F0191E48A52D00F779D0 /* Assets.xcassets in Resources */,
				BB9C58821E4CE987009D22C4 /* ButtonTapped.storyboard in Resources */,
				BB76F0271E48A57400F779D0 /* Dashboard.storyboard in Resources */,
				BBA9941E1E4C0EE400BD1A78 /* TicTacToe.storyboard in Resources */,
			);
			runOnlyForDeploymentPostprocessing = 0;
		};
/* End PBXResourcesBuildPhase section */

/* Begin PBXShellScriptBuildPhase section */
		889EAE955E6ACE9FA7B41475 /* [CP] Check Pods Manifest.lock */ = {
			isa = PBXShellScriptBuildPhase;
			buildActionMask = 2147483647;
			files = (
			);
			inputPaths = (
			);
			name = "[CP] Check Pods Manifest.lock";
			outputPaths = (
			);
			runOnlyForDeploymentPostprocessing = 0;
			shellPath = /bin/sh;
			shellScript = "diff \"${PODS_ROOT}/../Podfile.lock\" \"${PODS_ROOT}/Manifest.lock\" > /dev/null\nif [[ $? != 0 ]] ; then\n    cat << EOM\nerror: The sandbox is not in sync with the Podfile.lock. Run 'pod install' or update your CocoaPods installation.\nEOM\n    exit 1\nfi\n";
			showEnvVarsInLog = 0;
		};
		B07885321DEB731EB1C97517 /* [CP] Embed Pods Frameworks */ = {
			isa = PBXShellScriptBuildPhase;
			buildActionMask = 2147483647;
			files = (
			);
			inputPaths = (
			);
			name = "[CP] Embed Pods Frameworks";
			outputPaths = (
			);
			runOnlyForDeploymentPostprocessing = 0;
			shellPath = /bin/sh;
			shellScript = "\"${SRCROOT}/Pods/Target Support Files/Pods-RxSwiftLeapTalk/Pods-RxSwiftLeapTalk-frameworks.sh\"\n";
			showEnvVarsInLog = 0;
		};
		BC9E00E0E01CA929A8EE2607 /* [CP] Copy Pods Resources */ = {
			isa = PBXShellScriptBuildPhase;
			buildActionMask = 2147483647;
			files = (
			);
			inputPaths = (
			);
			name = "[CP] Copy Pods Resources";
			outputPaths = (
			);
			runOnlyForDeploymentPostprocessing = 0;
			shellPath = /bin/sh;
			shellScript = "\"${SRCROOT}/Pods/Target Support Files/Pods-RxSwiftLeapTalk/Pods-RxSwiftLeapTalk-resources.sh\"\n";
			showEnvVarsInLog = 0;
		};
/* End PBXShellScriptBuildPhase section */

/* Begin PBXSourcesBuildPhase section */
		BB76F00A1E48A52D00F779D0 /* Sources */ = {
			isa = PBXSourcesBuildPhase;
			buildActionMask = 2147483647;
			files = (
				BB267CB61E48D65000866E9E /* ComputedVariableRxTVC.swift in Sources */,
				BB898DF11E4A1C7A002F77F3 /* LegacyFormValidationVC.swift in Sources */,
				BB9C58741E4CC1CF009D22C4 /* CombineObservableVC.swift in Sources */,
				BBF0CFF51E48C50400ED698E /* UITableView+Extension.swift in Sources */,
				BB244E861E4C59A100F44402 /* CreateObservableTVC.swift in Sources */,
				BB76F04A1E48BD1D00F779D0 /* BasicCell.swift in Sources */,
				BB76F0421E48B95F00F779D0 /* TableViewSection.swift in Sources */,
				BB898DE81E4A09A4002F77F3 /* ComputedVariableLegacy.swift in Sources */,
				BB267CB11E48CEE000866E9E /* LegacyRxSelectionSection.swift in Sources */,
				BB9C587D1E4CE4F0009D22C4 /* MathObservableVC.swift in Sources */,
				BB76F0351E48AC5D00F779D0 /* MainNavigationController.swift in Sources */,
				BB76F0301E48A97F00F779D0 /* UIViewController+Extension.swift in Sources */,
				BB76F0251E48A56400F779D0 /* DashboardTVC.swift in Sources */,
				BB9C587A1E4CD89B009D22C4 /* ConditionalAndBooleanVC.swift in Sources */,
				BB76F02D1E48A76000F779D0 /* DashboardSection.swift in Sources */,
				BB244E881E4C5B7700F44402 /* SPModelTVC.swift in Sources */,
				BBA9941C1E4C0E8E00BD1A78 /* TicTacToeVC.swift in Sources */,
				BB76F0391E48ADDE00F779D0 /* AppStoryboard.swift in Sources */,
				BB88AA291E4D9B380016A9B1 /* UserInactiveVC.swift in Sources */,
				BB76F0121E48A52D00F779D0 /* AppDelegate.swift in Sources */,
				BB9C58801E4CE934009D22C4 /* ButtonTappedVC.swift in Sources */,
				BB9C586E1E4C87A4009D22C4 /* TransformObservableVC.swift in Sources */,
				BB9C58711E4CA7D0009D22C4 /* FilterObservableVC.swift in Sources */,
				BB76F0441E48BB0A00F779D0 /* BasicTableViewController.swift in Sources */,
				BB9C58771E4CD080009D22C4 /* ErrorHandlingObservableVC.swift in Sources */,
				BB76F03D1E48B11900F779D0 /* NSObject+Extension.swift in Sources */,
				BB267CAF1E48CEB200866E9E /* LegacyRxSelectionTVC.swift in Sources */,
				BB898DF31E4A298A002F77F3 /* RxFormValidationVC.swift in Sources */,
			);
			runOnlyForDeploymentPostprocessing = 0;
		};
/* End PBXSourcesBuildPhase section */

/* Begin PBXVariantGroup section */
		BB76F01A1E48A52D00F779D0 /* LaunchScreen.storyboard */ = {
			isa = PBXVariantGroup;
			children = (
				BB76F01B1E48A52D00F779D0 /* Base */,
			);
			name = LaunchScreen.storyboard;
			sourceTree = "<group>";
		};
/* End PBXVariantGroup section */

/* Begin XCBuildConfiguration section */
		BB76F01E1E48A52D00F779D0 /* Debug */ = {
			isa = XCBuildConfiguration;
			buildSettings = {
				ALWAYS_SEARCH_USER_PATHS = NO;
				CLANG_ANALYZER_NONNULL = YES;
				CLANG_CXX_LANGUAGE_STANDARD = "gnu++0x";
				CLANG_CXX_LIBRARY = "libc++";
				CLANG_ENABLE_MODULES = YES;
				CLANG_ENABLE_OBJC_ARC = YES;
				CLANG_WARN_BOOL_CONVERSION = YES;
				CLANG_WARN_CONSTANT_CONVERSION = YES;
				CLANG_WARN_DIRECT_OBJC_ISA_USAGE = YES_ERROR;
				CLANG_WARN_DOCUMENTATION_COMMENTS = YES;
				CLANG_WARN_EMPTY_BODY = YES;
				CLANG_WARN_ENUM_CONVERSION = YES;
				CLANG_WARN_INFINITE_RECURSION = YES;
				CLANG_WARN_INT_CONVERSION = YES;
				CLANG_WARN_OBJC_ROOT_CLASS = YES_ERROR;
				CLANG_WARN_SUSPICIOUS_MOVES = YES;
				CLANG_WARN_UNREACHABLE_CODE = YES;
				CLANG_WARN__DUPLICATE_METHOD_MATCH = YES;
				"CODE_SIGN_IDENTITY[sdk=iphoneos*]" = "iPhone Developer";
				COPY_PHASE_STRIP = NO;
				DEBUG_INFORMATION_FORMAT = dwarf;
				ENABLE_STRICT_OBJC_MSGSEND = YES;
				ENABLE_TESTABILITY = YES;
				GCC_C_LANGUAGE_STANDARD = gnu99;
				GCC_DYNAMIC_NO_PIC = NO;
				GCC_NO_COMMON_BLOCKS = YES;
				GCC_OPTIMIZATION_LEVEL = 0;
				GCC_PREPROCESSOR_DEFINITIONS = (
					"DEBUG=1",
					"$(inherited)",
				);
				GCC_WARN_64_TO_32_BIT_CONVERSION = YES;
				GCC_WARN_ABOUT_RETURN_TYPE = YES_ERROR;
				GCC_WARN_UNDECLARED_SELECTOR = YES;
				GCC_WARN_UNINITIALIZED_AUTOS = YES_AGGRESSIVE;
				GCC_WARN_UNUSED_FUNCTION = YES;
				GCC_WARN_UNUSED_VARIABLE = YES;
				IPHONEOS_DEPLOYMENT_TARGET = 10.1;
				MTL_ENABLE_DEBUG_INFO = YES;
				ONLY_ACTIVE_ARCH = YES;
				SDKROOT = iphoneos;
				SWIFT_ACTIVE_COMPILATION_CONDITIONS = DEBUG;
				SWIFT_OPTIMIZATION_LEVEL = "-Onone";
			};
			name = Debug;
		};
		BB76F01F1E48A52D00F779D0 /* Release */ = {
			isa = XCBuildConfiguration;
			buildSettings = {
				ALWAYS_SEARCH_USER_PATHS = NO;
				CLANG_ANALYZER_NONNULL = YES;
				CLANG_CXX_LANGUAGE_STANDARD = "gnu++0x";
				CLANG_CXX_LIBRARY = "libc++";
				CLANG_ENABLE_MODULES = YES;
				CLANG_ENABLE_OBJC_ARC = YES;
				CLANG_WARN_BOOL_CONVERSION = YES;
				CLANG_WARN_CONSTANT_CONVERSION = YES;
				CLANG_WARN_DIRECT_OBJC_ISA_USAGE = YES_ERROR;
				CLANG_WARN_DOCUMENTATION_COMMENTS = YES;
				CLANG_WARN_EMPTY_BODY = YES;
				CLANG_WARN_ENUM_CONVERSION = YES;
				CLANG_WARN_INFINITE_RECURSION = YES;
				CLANG_WARN_INT_CONVERSION = YES;
				CLANG_WARN_OBJC_ROOT_CLASS = YES_ERROR;
				CLANG_WARN_SUSPICIOUS_MOVES = YES;
				CLANG_WARN_UNREACHABLE_CODE = YES;
				CLANG_WARN__DUPLICATE_METHOD_MATCH = YES;
				"CODE_SIGN_IDENTITY[sdk=iphoneos*]" = "iPhone Developer";
				COPY_PHASE_STRIP = NO;
				DEBUG_INFORMATION_FORMAT = "dwarf-with-dsym";
				ENABLE_NS_ASSERTIONS = NO;
				ENABLE_STRICT_OBJC_MSGSEND = YES;
				GCC_C_LANGUAGE_STANDARD = gnu99;
				GCC_NO_COMMON_BLOCKS = YES;
				GCC_WARN_64_TO_32_BIT_CONVERSION = YES;
				GCC_WARN_ABOUT_RETURN_TYPE = YES_ERROR;
				GCC_WARN_UNDECLARED_SELECTOR = YES;
				GCC_WARN_UNINITIALIZED_AUTOS = YES_AGGRESSIVE;
				GCC_WARN_UNUSED_FUNCTION = YES;
				GCC_WARN_UNUSED_VARIABLE = YES;
				IPHONEOS_DEPLOYMENT_TARGET = 10.1;
				MTL_ENABLE_DEBUG_INFO = NO;
				ONLY_ACTIVE_ARCH = YES;
				SDKROOT = iphoneos;
				SWIFT_OPTIMIZATION_LEVEL = "-Owholemodule";
				VALIDATE_PRODUCT = YES;
			};
			name = Release;
		};
		BB76F0211E48A52D00F779D0 /* Debug */ = {
			isa = XCBuildConfiguration;
			baseConfigurationReference = 7092AA4416E8E7411394C291 /* Pods-RxSwiftLeapTalk.debug.xcconfig */;
			buildSettings = {
				ASSETCATALOG_COMPILER_APPICON_NAME = AppIcon;
				INFOPLIST_FILE = RxSwiftLeapTalk/Info.plist;
				LD_RUNPATH_SEARCH_PATHS = "$(inherited) @executable_path/Frameworks";
				ONLY_ACTIVE_ARCH = YES;
				PRODUCT_BUNDLE_IDENTIFIER = com.leapfrog.RxSwiftLeapTalk;
				PRODUCT_NAME = "$(TARGET_NAME)";
				SWIFT_VERSION = 3.0;
			};
			name = Debug;
		};
		BB76F0221E48A52D00F779D0 /* Release */ = {
			isa = XCBuildConfiguration;
			baseConfigurationReference = 4A16EFAC793ECEF447347946 /* Pods-RxSwiftLeapTalk.release.xcconfig */;
			buildSettings = {
				ASSETCATALOG_COMPILER_APPICON_NAME = AppIcon;
				INFOPLIST_FILE = RxSwiftLeapTalk/Info.plist;
				LD_RUNPATH_SEARCH_PATHS = "$(inherited) @executable_path/Frameworks";
				ONLY_ACTIVE_ARCH = YES;
				PRODUCT_BUNDLE_IDENTIFIER = com.leapfrog.RxSwiftLeapTalk;
				PRODUCT_NAME = "$(TARGET_NAME)";
				SWIFT_VERSION = 3.0;
			};
			name = Release;
		};
/* End XCBuildConfiguration section */

/* Begin XCConfigurationList section */
		BB76F0091E48A52D00F779D0 /* Build configuration list for PBXProject "RxSwiftLeapTalk" */ = {
			isa = XCConfigurationList;
			buildConfigurations = (
				BB76F01E1E48A52D00F779D0 /* Debug */,
				BB76F01F1E48A52D00F779D0 /* Release */,
			);
			defaultConfigurationIsVisible = 0;
			defaultConfigurationName = Release;
		};
		BB76F0201E48A52D00F779D0 /* Build configuration list for PBXNativeTarget "RxSwiftLeapTalk" */ = {
			isa = XCConfigurationList;
			buildConfigurations = (
				BB76F0211E48A52D00F779D0 /* Debug */,
				BB76F0221E48A52D00F779D0 /* Release */,
			);
			defaultConfigurationIsVisible = 0;
			defaultConfigurationName = Release;
		};
/* End XCConfigurationList section */
	};
	rootObject = BB76F0061E48A52D00F779D0 /* Project object */;
}
